github.com/adityatelange/hugo-PaperMod v0.0.0-20220331180356-09921bb542e9 h1:lXiOmDh0vq6YyFKOdPpNAUrbTKIv+cv5AJF0KWwBHrc=
github.com/adityatelange/hugo-PaperMod v0.0.0-20220331180356-09921bb542e9/go.mod h1:HCHxNMKYdGafUYjVV3ICiAqznZK2yH0iI53jqcDFDdQ=
github.com/adityatelange/hugo-PaperMod v0.0.0-20220610155613-a94674e6c9c7 h1:ukCNrjjS0viCpvxDrxG1KrXvXb/HXQ146auXoP2U+Sk=
github.com/adityatelange/hugo-PaperMod v0.0.0-20220610155613-a94674e6c9c7/go.mod h1:HCHxNMKYdGafUYjVV3ICiAqznZK2yH0iI53jqcDFDdQ=
